
Microsoft Visual Studio Solution File, Format Version 12.00
# Visual Studio Version 17
VisualStudioVersion = 17.11.35312.102
MinimumVisualStudioVersion = 10.0.40219.1
Project("{FAE04EC0-301F-11D3-BF4B-00C04F79EFBC}") = "StudentWeb.Web", "StudentWeb.Web\StudentWeb.Web.csproj", "{0CF62D3C-2C28-420F-97DC-1EE97196C520}"
EndProject
Global
	GlobalSection(SolutionConfigurationPlatforms) = preSolution
		Debug|Any CPU = Debug|Any CPU
		Release|Any CPU = Release|Any CPU
	EndGlobalSection
	GlobalSection(ProjectConfigurationPlatforms) = postSolution
		{0CF62D3C-2C28-420F-97DC-1EE97196C520}.Debug|Any CPU.ActiveCfg = Debug|Any CPU
		{0CF62D3C-2C28-420F-97DC-1EE97196C520}.Debug|Any CPU.Build.0 = Debug|Any CPU
		{0CF62D3C-2C28-420F-97DC-1EE97196C520}.Release|Any CPU.ActiveCfg = Release|Any CPU
		{0CF62D3C-2C28-420F-97DC-1EE97196C520}.Release|Any CPU.Build.0 = Release|Any CPU
	EndGlobalSection
	GlobalSection(SolutionProperties) = preSolution
		HideSolutionNode = FALSE
	EndGlobalSection
	GlobalSection(ExtensibilityGlobals) = postSolution
		SolutionGuid = {50C4CF88-9D3C-4646-B35F-6530B6E025A0}
	EndGlobalSection
EndGlobal
